
Microsoft Visual Studio Solution File, Format Version 12.00
# Visual Studio 15
VisualStudioVersion = 15.0.26730.12
MinimumVisualStudioVersion = 10.0.40219.1
Project("{FAE04EC0-301F-11D3-BF4B-00C04F79EFBC}") = "DHOG_WPF", "DHOG_WPF.csproj", "{E1E71C14-863E-4DEF-AFBB-777BBA4C1497}"
EndProject
Project("{54435603-DBB4-11D2-8724-00A0C9A8B90C}") = "DhogSetup", "DhogSetup\DhogSetup.vdproj", "{C8D08F87-42B4-4F58-BC03-C9B7B0097FFB}"
EndProject
Global
	GlobalSection(SolutionConfigurationPlatforms) = preSolution
		Debug|Any CPU = Debug|Any CPU
		Release|Any CPU = Release|Any CPU
	EndGlobalSection
	GlobalSection(ProjectConfigurationPlatforms) = postSolution
		{E1E71C14-863E-4DEF-AFBB-777BBA4C1497}.Debug|Any CPU.ActiveCfg = Debug|Any CPU
		{E1E71C14-863E-4DEF-AFBB-777BBA4C1497}.Debug|Any CPU.Build.0 = Debug|Any CPU
		{E1E71C14-863E-4DEF-AFBB-777BBA4C1497}.Release|Any CPU.ActiveCfg = Release|Any CPU
		{E1E71C14-863E-4DEF-AFBB-777BBA4C1497}.Release|Any CPU.Build.0 = Release|Any CPU
		{C8D08F87-42B4-4F58-BC03-C9B7B0097FFB}.Debug|Any CPU.ActiveCfg = Debug
		{C8D08F87-42B4-4F58-BC03-C9B7B0097FFB}.Debug|Any CPU.Build.0 = Debug
		{C8D08F87-42B4-4F58-BC03-C9B7B0097FFB}.Release|Any CPU.ActiveCfg = Release
		{C8D08F87-42B4-4F58-BC03-C9B7B0097FFB}.Release|Any CPU.Build.0 = Release
	EndGlobalSection
	GlobalSection(SolutionProperties) = preSolution
		HideSolutionNode = FALSE
	EndGlobalSection
	GlobalSection(ExtensibilityGlobals) = postSolution
		SolutionGuid = {17D6C13E-71D8-4890-ADAA-779DC04D6933}
	EndGlobalSection
EndGlobal
